
Microsoft Visual Studio Solution File, Format Version 12.00
# Visual Studio Version 16
VisualStudioVersion = 16.0.29920.165
MinimumVisualStudioVersion = 10.0.40219.1
Project("{FAE04EC0-301F-11D3-BF4B-00C04F79EFBC}") = "Tax Calculator Andrew", "Tax Calculator Andrew.csproj", "{7A3F4571-EC23-4734-8642-13F06C4EBF08}"
EndProject
Global
	GlobalSection(SolutionConfigurationPlatforms) = preSolution
		Debug|Any CPU = Debug|Any CPU
		Release|Any CPU = Release|Any CPU
	EndGlobalSection
	GlobalSection(ProjectConfigurationPlatforms) = postSolution
		{7A3F4571-EC23-4734-8642-13F06C4EBF08}.Debug|Any CPU.ActiveCfg = Debug|Any CPU
		{7A3F4571-EC23-4734-8642-13F06C4EBF08}.Debug|Any CPU.Build.0 = Debug|Any CPU
		{7A3F4571-EC23-4734-8642-13F06C4EBF08}.Release|Any CPU.ActiveCfg = Release|Any CPU
		{7A3F4571-EC23-4734-8642-13F06C4EBF08}.Release|Any CPU.Build.0 = Release|Any CPU
	EndGlobalSection
	GlobalSection(SolutionProperties) = preSolution
		HideSolutionNode = FALSE
	EndGlobalSection
	GlobalSection(ExtensibilityGlobals) = postSolution
		SolutionGuid = {E8BD5FFE-0FA4-4761-A529-9824E329C519}
	EndGlobalSection
EndGlobal
